
Microsoft Visual Studio Solution File, Format Version 12.00
# Visual Studio 15
VisualStudioVersion = 15.0.26124.0
MinimumVisualStudioVersion = 15.0.26124.0
Project("{2150E333-8FDC-42A3-9474-1A3956D46DE8}") = "src", "src", "{80571875-9C6A-4519-9CE7-007770E0C77F}"
EndProject
Project("{F2A71F9B-5D33-465A-A702-920D77279786}") = "NBomber.FSharp", "src\NBomber.FSharp\NBomber.FSharp.fsproj", "{78CC6E90-A2FF-4E18-90C1-6B298B1CB0E2}"
EndProject
Project("{F2A71F9B-5D33-465A-A702-920D77279786}") = "NBomber.FSharp.Hopac", "src\NBomber.FSharp.Hopac\NBomber.FSharp.Hopac.fsproj", "{7B70A908-A660-47EC-AF52-892BAB95DC9B}"
EndProject
Project("{F2A71F9B-5D33-465A-A702-920D77279786}") = "NBomber.FSharp.Http", "src\NBomber.FSharp.Http\NBomber.FSharp.Http.fsproj", "{E55D60E5-BB58-4313-8E86-30E4FDCB934D}"
EndProject
Project("{2150E333-8FDC-42A3-9474-1A3956D46DE8}") = "test", "test", "{81C7EC65-0098-4714-8D45-CAB21E291BF4}"
EndProject
Project("{F2A71F9B-5D33-465A-A702-920D77279786}") = "NBomber.FSharp.Test", "test\NBomber.FSharp.Test\NBomber.FSharp.Test.fsproj", "{A769CD25-73DF-480D-B61A-049A1FF80434}"
EndProject
Global
	GlobalSection(SolutionConfigurationPlatforms) = preSolution
		Debug|Any CPU = Debug|Any CPU
		Debug|x64 = Debug|x64
		Debug|x86 = Debug|x86
		Release|Any CPU = Release|Any CPU
		Release|x64 = Release|x64
		Release|x86 = Release|x86
	EndGlobalSection
	GlobalSection(SolutionProperties) = preSolution
		HideSolutionNode = FALSE
	EndGlobalSection
	GlobalSection(ProjectConfigurationPlatforms) = postSolution
		{78CC6E90-A2FF-4E18-90C1-6B298B1CB0E2}.Debug|Any CPU.ActiveCfg = Debug|Any CPU
		{78CC6E90-A2FF-4E18-90C1-6B298B1CB0E2}.Debug|Any CPU.Build.0 = Debug|Any CPU
		{78CC6E90-A2FF-4E18-90C1-6B298B1CB0E2}.Debug|x64.ActiveCfg = Debug|Any CPU
		{78CC6E90-A2FF-4E18-90C1-6B298B1CB0E2}.Debug|x64.Build.0 = Debug|Any CPU
		{78CC6E90-A2FF-4E18-90C1-6B298B1CB0E2}.Debug|x86.ActiveCfg = Debug|Any CPU
		{78CC6E90-A2FF-4E18-90C1-6B298B1CB0E2}.Debug|x86.Build.0 = Debug|Any CPU
		{78CC6E90-A2FF-4E18-90C1-6B298B1CB0E2}.Release|Any CPU.ActiveCfg = Release|Any CPU
		{78CC6E90-A2FF-4E18-90C1-6B298B1CB0E2}.Release|Any CPU.Build.0 = Release|Any CPU
		{78CC6E90-A2FF-4E18-90C1-6B298B1CB0E2}.Release|x64.ActiveCfg = Release|Any CPU
		{78CC6E90-A2FF-4E18-90C1-6B298B1CB0E2}.Release|x64.Build.0 = Release|Any CPU
		{78CC6E90-A2FF-4E18-90C1-6B298B1CB0E2}.Release|x86.ActiveCfg = Release|Any CPU
		{78CC6E90-A2FF-4E18-90C1-6B298B1CB0E2}.Release|x86.Build.0 = Release|Any CPU
		{7B70A908-A660-47EC-AF52-892BAB95DC9B}.Debug|Any CPU.ActiveCfg = Debug|Any CPU
		{7B70A908-A660-47EC-AF52-892BAB95DC9B}.Debug|Any CPU.Build.0 = Debug|Any CPU
		{7B70A908-A660-47EC-AF52-892BAB95DC9B}.Debug|x64.ActiveCfg = Debug|Any CPU
		{7B70A908-A660-47EC-AF52-892BAB95DC9B}.Debug|x64.Build.0 = Debug|Any CPU
		{7B70A908-A660-47EC-AF52-892BAB95DC9B}.Debug|x86.ActiveCfg = Debug|Any CPU
		{7B70A908-A660-47EC-AF52-892BAB95DC9B}.Debug|x86.Build.0 = Debug|Any CPU
		{7B70A908-A660-47EC-AF52-892BAB95DC9B}.Release|Any CPU.ActiveCfg = Release|Any CPU
		{7B70A908-A660-47EC-AF52-892BAB95DC9B}.Release|Any CPU.Build.0 = Release|Any CPU
		{7B70A908-A660-47EC-AF52-892BAB95DC9B}.Release|x64.ActiveCfg = Release|Any CPU
		{7B70A908-A660-47EC-AF52-892BAB95DC9B}.Release|x64.Build.0 = Release|Any CPU
		{7B70A908-A660-47EC-AF52-892BAB95DC9B}.Release|x86.ActiveCfg = Release|Any CPU
		{7B70A908-A660-47EC-AF52-892BAB95DC9B}.Release|x86.Build.0 = Release|Any CPU
		{E55D60E5-BB58-4313-8E86-30E4FDCB934D}.Debug|Any CPU.ActiveCfg = Debug|Any CPU
		{E55D60E5-BB58-4313-8E86-30E4FDCB934D}.Debug|Any CPU.Build.0 = Debug|Any CPU
		{E55D60E5-BB58-4313-8E86-30E4FDCB934D}.Debug|x64.ActiveCfg = Debug|Any CPU
		{E55D60E5-BB58-4313-8E86-30E4FDCB934D}.Debug|x64.Build.0 = Debug|Any CPU
		{E55D60E5-BB58-4313-8E86-30E4FDCB934D}.Debug|x86.ActiveCfg = Debug|Any CPU
		{E55D60E5-BB58-4313-8E86-30E4FDCB934D}.Debug|x86.Build.0 = Debug|Any CPU
		{E55D60E5-BB58-4313-8E86-30E4FDCB934D}.Release|Any CPU.ActiveCfg = Release|Any CPU
		{E55D60E5-BB58-4313-8E86-30E4FDCB934D}.Release|Any CPU.Build.0 = Release|Any CPU
		{E55D60E5-BB58-4313-8E86-30E4FDCB934D}.Release|x64.ActiveCfg = Release|Any CPU
		{E55D60E5-BB58-4313-8E86-30E4FDCB934D}.Release|x64.Build.0 = Release|Any CPU
		{E55D60E5-BB58-4313-8E86-30E4FDCB934D}.Release|x86.ActiveCfg = Release|Any CPU
		{E55D60E5-BB58-4313-8E86-30E4FDCB934D}.Release|x86.Build.0 = Release|Any CPU
		{A769CD25-73DF-480D-B61A-049A1FF80434}.Debug|Any CPU.ActiveCfg = Debug|Any CPU
		{A769CD25-73DF-480D-B61A-049A1FF80434}.Debug|Any CPU.Build.0 = Debug|Any CPU
		{A769CD25-73DF-480D-B61A-049A1FF80434}.Debug|x64.ActiveCfg = Debug|Any CPU
		{A769CD25-73DF-480D-B61A-049A1FF80434}.Debug|x64.Build.0 = Debug|Any CPU
		{A769CD25-73DF-480D-B61A-049A1FF80434}.Debug|x86.ActiveCfg = Debug|Any CPU
		{A769CD25-73DF-480D-B61A-049A1FF80434}.Debug|x86.Build.0 = Debug|Any CPU
		{A769CD25-73DF-480D-B61A-049A1FF80434}.Release|Any CPU.ActiveCfg = Release|Any CPU
		{A769CD25-73DF-480D-B61A-049A1FF80434}.Release|Any CPU.Build.0 = Release|Any CPU
		{A769CD25-73DF-480D-B61A-049A1FF80434}.Release|x64.ActiveCfg = Release|Any CPU
		{A769CD25-73DF-480D-B61A-049A1FF80434}.Release|x64.Build.0 = Release|Any CPU
		{A769CD25-73DF-480D-B61A-049A1FF80434}.Release|x86.ActiveCfg = Release|Any CPU
		{A769CD25-73DF-480D-B61A-049A1FF80434}.Release|x86.Build.0 = Release|Any CPU
	EndGlobalSection
	GlobalSection(NestedProjects) = preSolution
		{78CC6E90-A2FF-4E18-90C1-6B298B1CB0E2} = {80571875-9C6A-4519-9CE7-007770E0C77F}
		{7B70A908-A660-47EC-AF52-892BAB95DC9B} = {80571875-9C6A-4519-9CE7-007770E0C77F}
		{E55D60E5-BB58-4313-8E86-30E4FDCB934D} = {80571875-9C6A-4519-9CE7-007770E0C77F}
		{A769CD25-73DF-480D-B61A-049A1FF80434} = {81C7EC65-0098-4714-8D45-CAB21E291BF4}
	EndGlobalSection
EndGlobal
